
Microsoft Visual Studio Solution File, Format Version 12.00
# Visual Studio Version 17
VisualStudioVersion = 17.13.35931.197
MinimumVisualStudioVersion = 10.0.40219.1
Project("{FAE04EC0-301F-11D3-BF4B-00C04F79EFBC}") = "ClassLibrary", "ClassLibrary\ClassLibrary.csproj", "{491D9C65-4633-476E-9244-2A0DE5F806C5}"
EndProject
Project("{FAE04EC0-301F-11D3-BF4B-00C04F79EFBC}") = "ConsoleApplication", "ConsoleApplication\ConsoleApplication.csproj", "{B2A397EF-2023-40F2-85EF-86BC9231A57E}"
EndProject
Global
	GlobalSection(SolutionConfigurationPlatforms) = preSolution
		Debug|Any CPU = Debug|Any CPU
		Release|Any CPU = Release|Any CPU
	EndGlobalSection
	GlobalSection(ProjectConfigurationPlatforms) = postSolution
		{491D9C65-4633-476E-9244-2A0DE5F806C5}.Debug|Any CPU.ActiveCfg = Debug|Any CPU
		{491D9C65-4633-476E-9244-2A0DE5F806C5}.Debug|Any CPU.Build.0 = Debug|Any CPU
		{491D9C65-4633-476E-9244-2A0DE5F806C5}.Release|Any CPU.ActiveCfg = Release|Any CPU
		{491D9C65-4633-476E-9244-2A0DE5F806C5}.Release|Any CPU.Build.0 = Release|Any CPU
		{B2A397EF-2023-40F2-85EF-86BC9231A57E}.Debug|Any CPU.ActiveCfg = Debug|Any CPU
		{B2A397EF-2023-40F2-85EF-86BC9231A57E}.Debug|Any CPU.Build.0 = Debug|Any CPU
		{B2A397EF-2023-40F2-85EF-86BC9231A57E}.Release|Any CPU.ActiveCfg = Release|Any CPU
		{B2A397EF-2023-40F2-85EF-86BC9231A57E}.Release|Any CPU.Build.0 = Release|Any CPU
	EndGlobalSection
	GlobalSection(SolutionProperties) = preSolution
		HideSolutionNode = FALSE
	EndGlobalSection
	GlobalSection(ExtensibilityGlobals) = postSolution
		SolutionGuid = {3D31E5FB-D418-4825-AF20-0FC377BDEBB2}
	EndGlobalSection
EndGlobal
